// !$*UTF8*$!
{
	archiveVersion = 1;
	classes = {
	};
	objectVersion = 50;
	objects = {

/* Begin PBXBuildFile section */
		3882B598255EBFFA003A47C6 /* SetCard.swift in Sources */ = {isa = PBXBuildFile; fileRef = 3882B597255EBFFA003A47C6 /* SetCard.swift */; };
		38972EAE2580D46600FC52F1 /* SetComparable.swift in Sources */ = {isa = PBXBuildFile; fileRef = 38972EAD2580D46600FC52F1 /* SetComparable.swift */; };
		38A2F9B824F988CA00D858BF /* AppDelegate.swift in Sources */ = {isa = PBXBuildFile; fileRef = 38A2F9B724F988CA00D858BF /* AppDelegate.swift */; };
		38A2F9BA24F988CA00D858BF /* SceneDelegate.swift in Sources */ = {isa = PBXBuildFile; fileRef = 38A2F9B924F988CA00D858BF /* SceneDelegate.swift */; };
		38A2F9BC24F988CA00D858BF /* ViewController.swift in Sources */ = {isa = PBXBuildFile; fileRef = 38A2F9BB24F988CA00D858BF /* ViewController.swift */; };
		38A2F9BF24F988CA00D858BF /* Main.storyboard in Resources */ = {isa = PBXBuildFile; fileRef = 38A2F9BD24F988CA00D858BF /* Main.storyboard */; };
		38A2F9C124F988CC00D858BF /* Assets.xcassets in Resources */ = {isa = PBXBuildFile; fileRef = 38A2F9C024F988CC00D858BF /* Assets.xcassets */; };
		38A2F9C424F988CC00D858BF /* LaunchScreen.storyboard in Resources */ = {isa = PBXBuildFile; fileRef = 38A2F9C224F988CC00D858BF /* LaunchScreen.storyboard */; };
		38D6987F25767ECB00A84CCE /* SetGame.swift in Sources */ = {isa = PBXBuildFile; fileRef = 38D6987E25767ECB00A84CCE /* SetGame.swift */; };
/* End PBXBuildFile section */

/* Begin PBXFileReference section */
		3882B597255EBFFA003A47C6 /* SetCard.swift */ = {isa = PBXFileReference; lastKnownFileType = sourcecode.swift; path = SetCard.swift; sourceTree = "<group>"; };
		38972EAD2580D46600FC52F1 /* SetComparable.swift */ = {isa = PBXFileReference; lastKnownFileType = sourcecode.swift; path = SetComparable.swift; sourceTree = "<group>"; };
		38A2F9B424F988CA00D858BF /* SetGame.app */ = {isa = PBXFileReference; explicitFileType = wrapper.application; includeInIndex = 0; path = SetGame.app; sourceTree = BUILT_PRODUCTS_DIR; };
		38A2F9B724F988CA00D858BF /* AppDelegate.swift */ = {isa = PBXFileReference; lastKnownFileType = sourcecode.swift; path = AppDelegate.swift; sourceTree = "<group>"; };
		38A2F9B924F988CA00D858BF /* SceneDelegate.swift */ = {isa = PBXFileReference; lastKnownFileType = sourcecode.swift; path = SceneDelegate.swift; sourceTree = "<group>"; };
		38A2F9BB24F988CA00D858BF /* ViewController.swift */ = {isa = PBXFileReference; lastKnownFileType = sourcecode.swift; path = ViewController.swift; sourceTree = "<group>"; };
		38A2F9BE24F988CA00D858BF /* Base */ = {isa = PBXFileReference; lastKnownFileType = file.storyboard; name = Base; path = Base.lproj/Main.storyboard; sourceTree = "<group>"; };
		38A2F9C024F988CC00D858BF /* Assets.xcassets */ = {isa = PBXFileReference; lastKnownFileType = folder.assetcatalog; path = Assets.xcassets; sourceTree = "<group>"; };
		38A2F9C324F988CC00D858BF /* Base */ = {isa = PBXFileReference; lastKnownFileType = file.storyboard; name = Base; path = Base.lproj/LaunchScreen.storyboard; sourceTree = "<group>"; };
		38A2F9C524F988CC00D858BF /* Info.plist */ = {isa = PBXFileReference; lastKnownFileType = text.plist.xml; path = Info.plist; sourceTree = "<group>"; };
		38D6987E25767ECB00A84CCE /* SetGame.swift */ = {isa = PBXFileReference; lastKnownFileType = sourcecode.swift; path = SetGame.swift; sourceTree = "<group>"; };
/* End PBXFileReference section */

/* Begin PBXFrameworksBuildPhase section */
		38A2F9B124F988CA00D858BF /* Frameworks */ = {
			isa = PBXFrameworksBuildPhase;
			buildActionMask = 2147483647;
			files = (
			);
			runOnlyForDeploymentPostprocessing = 0;
		};
/* End PBXFrameworksBuildPhase section */

/* Begin PBXGroup section */
		389B7710257FB6CD00A31D69 /* Model */ = {
			isa = PBXGroup;
			children = (
			);
			path = Model;
			sourceTree = "<group>";
		};
		38A2F9AB24F988CA00D858BF = {
			isa = PBXGroup;
			children = (
				38A2F9B624F988CA00D858BF /* SetGame */,
				38A2F9B524F988CA00D858BF /* Products */,
			);
			sourceTree = "<group>";
		};
		38A2F9B524F988CA00D858BF /* Products */ = {
			isa = PBXGroup;
			children = (
				38A2F9B424F988CA00D858BF /* SetGame.app */,
			);
			name = Products;
			sourceTree = "<group>";
		};
		38A2F9B624F988CA00D858BF /* SetGame */ = {
			isa = PBXGroup;
			children = (
				389B7710257FB6CD00A31D69 /* Model */,
				38A2F9B724F988CA00D858BF /* AppDelegate.swift */,
				38A2F9B924F988CA00D858BF /* SceneDelegate.swift */,
				38A2F9BB24F988CA00D858BF /* ViewController.swift */,
				38A2F9BD24F988CA00D858BF /* Main.storyboard */,
				38A2F9C024F988CC00D858BF /* Assets.xcassets */,
				38A2F9C224F988CC00D858BF /* LaunchScreen.storyboard */,
				38A2F9C524F988CC00D858BF /* Info.plist */,
				3882B597255EBFFA003A47C6 /* SetCard.swift */,
				38D6987E25767ECB00A84CCE /* SetGame.swift */,
				38972EAD2580D46600FC52F1 /* SetComparable.swift */,
			);
			path = SetGame;
			sourceTree = "<group>";
		};
/* End PBXGroup section */

/* Begin PBXNativeTarget section */
		38A2F9B324F988CA00D858BF /* SetGame */ = {
			isa = PBXNativeTarget;
			buildConfigurationList = 38A2F9C824F988CC00D858BF /* Build configuration list for PBXNativeTarget "SetGame" */;
			buildPhases = (
				38A2F9B024F988CA00D858BF /* Sources */,
				38A2F9B124F988CA00D858BF /* Frameworks */,
				38A2F9B224F988CA00D858BF /* Resources */,
			);
			buildRules = (
			);
			dependencies = (
			);
			name = SetGame;
			productName = SetGame;
			productReference = 38A2F9B424F988CA00D858BF /* SetGame.app */;
			productType = "com.apple.product-type.application";
		};
/* End PBXNativeTarget section */

/* Begin PBXProject section */
		38A2F9AC24F988CA00D858BF /* Project object */ = {
			isa = PBXProject;
			attributes = {
				LastSwiftUpdateCheck = 1160;
				LastUpgradeCheck = 1160;
				ORGANIZATIONNAME = Maximus;
				TargetAttributes = {
					38A2F9B324F988CA00D858BF = {
						CreatedOnToolsVersion = 11.6;
					};
				};
			};
			buildConfigurationList = 38A2F9AF24F988CA00D858BF /* Build configuration list for PBXProject "SetGame" */;
			compatibilityVersion = "Xcode 9.3";
			developmentRegion = en;
			hasScannedForEncodings = 0;
			knownRegions = (
				en,
				Base,
			);
			mainGroup = 38A2F9AB24F988CA00D858BF;
			productRefGroup = 38A2F9B524F988CA00D858BF /* Products */;
			projectDirPath = "";
			projectRoot = "";
			targets = (
				38A2F9B324F988CA00D858BF /* SetGame */,
			);
		};
/* End PBXProject section */

/* Begin PBXResourcesBuildPhase section */
		38A2F9B224F988CA00D858BF /* Resources */ = {
			isa = PBXResourcesBuildPhase;
			buildActionMask = 2147483647;
			files = (
				38A2F9C424F988CC00D858BF /* LaunchScreen.storyboard in Resources */,
				38A2F9C124F988CC00D858BF /* Assets.xcassets in Resources */,
				38A2F9BF24F988CA00D858BF /* Main.storyboard in Resources */,
			);
			runOnlyForDeploymentPostprocessing = 0;
		};
/* End PBXResourcesBuildPhase section */

/* Begin PBXSourcesBuildPhase section */
		38A2F9B024F988CA00D858BF /* Sources */ = {
			isa = PBXSourcesBuildPhase;
			buildActionMask = 2147483647;
			files = (
				38972EAE2580D46600FC52F1 /* SetComparable.swift in Sources */,
				38A2F9BC24F988CA00D858BF /* ViewController.swift in Sources */,
				38A2F9B824F988CA00D858BF /* AppDelegate.swift in Sources */,
				38D6987F25767ECB00A84CCE /* SetGame.swift in Sources */,
				3882B598255EBFFA003A47C6 /* SetCard.swift in Sources */,
				38A2F9BA24F988CA00D858BF /* SceneDelegate.swift in Sources */,
			);
			runOnlyForDeploymentPostprocessing = 0;
		};
/* End PBXSourcesBuildPhase section */

/* Begin PBXVariantGroup section */
		38A2F9BD24F988CA00D858BF /* Main.storyboard */ = {
			isa = PBXVariantGroup;
			children = (
				38A2F9BE24F988CA00D858BF /* Base */,
			);
			name = Main.storyboard;
			sourceTree = "<group>";
		};
		38A2F9C224F988CC00D858BF /* LaunchScreen.storyboard */ = {
			isa = PBXVariantGroup;
			children = (
				38A2F9C324F988CC00D858BF /* Base */,
			);
			name = LaunchScreen.storyboard;
			sourceTree = "<group>";
		};
/* End PBXVariantGroup section */

/* Begin XCBuildConfiguration section */
		38A2F9C624F988CC00D858BF /* Debug */ = {
			isa = XCBuildConfiguration;
			buildSettings = {
				ALWAYS_SEARCH_USER_PATHS = NO;
				CLANG_ANALYZER_NONNULL = YES;
				CLANG_ANALYZER_NUMBER_OBJECT_CONVERSION = YES_AGGRESSIVE;
				CLANG_CXX_LANGUAGE_STANDARD = "gnu++14";
				CLANG_CXX_LIBRARY = "libc++";
				CLANG_ENABLE_MODULES = YES;
				CLANG_ENABLE_OBJC_ARC = YES;
				CLANG_ENABLE_OBJC_WEAK = YES;
				CLANG_WARN_BLOCK_CAPTURE_AUTORELEASING = YES;
				CLANG_WARN_BOOL_CONVERSION = YES;
				CLANG_WARN_COMMA = YES;
				CLANG_WARN_CONSTANT_CONVERSION = YES;
				CLANG_WARN_DEPRECATED_OBJC_IMPLEMENTATIONS = YES;
				CLANG_WARN_DIRECT_OBJC_ISA_USAGE = YES_ERROR;
				CLANG_WARN_DOCUMENTATION_COMMENTS = YES;
				CLANG_WARN_EMPTY_BODY = YES;
				CLANG_WARN_ENUM_CONVERSION = YES;
				CLANG_WARN_INFINITE_RECURSION = YES;
				CLANG_WARN_INT_CONVERSION = YES;
				CLANG_WARN_NON_LITERAL_NULL_CONVERSION = YES;
				CLANG_WARN_OBJC_IMPLICIT_RETAIN_SELF = YES;
				CLANG_WARN_OBJC_LITERAL_CONVERSION = YES;
				CLANG_WARN_OBJC_ROOT_CLASS = YES_ERROR;
				CLANG_WARN_RANGE_LOOP_ANALYSIS = YES;
				CLANG_WARN_STRICT_PROTOTYPES = YES;
				CLANG_WARN_SUSPICIOUS_MOVE = YES;
				CLANG_WARN_UNGUARDED_AVAILABILITY = YES_AGGRESSIVE;
				CLANG_WARN_UNREACHABLE_CODE = YES;
				CLANG_WARN__DUPLICATE_METHOD_MATCH = YES;
				COPY_PHASE_STRIP = NO;
				DEBUG_INFORMATION_FORMAT = dwarf;
				ENABLE_STRICT_OBJC_MSGSEND = YES;
				ENABLE_TESTABILITY = YES;
				GCC_C_LANGUAGE_STANDARD = gnu11;
				GCC_DYNAMIC_NO_PIC = NO;
				GCC_NO_COMMON_BLOCKS = YES;
				GCC_OPTIMIZATION_LEVEL = 0;
				GCC_PREPROCESSOR_DEFINITIONS = (
					"DEBUG=1",
					"$(inherited)",
				);
				GCC_WARN_64_TO_32_BIT_CONVERSION = YES;
				GCC_WARN_ABOUT_RETURN_TYPE = YES_ERROR;
				GCC_WARN_UNDECLARED_SELECTOR = YES;
				GCC_WARN_UNINITIALIZED_AUTOS = YES_AGGRESSIVE;
				GCC_WARN_UNUSED_FUNCTION = YES;
				GCC_WARN_UNUSED_VARIABLE = YES;
				IPHONEOS_DEPLOYMENT_TARGET = 13.6;
				MTL_ENABLE_DEBUG_INFO = INCLUDE_SOURCE;
				MTL_FAST_MATH = YES;
				ONLY_ACTIVE_ARCH = YES;
				SDKROOT = iphoneos;
				SWIFT_ACTIVE_COMPILATION_CONDITIONS = DEBUG;
				SWIFT_OPTIMIZATION_LEVEL = "-Onone";
			};
			name = Debug;
		};
		38A2F9C724F988CC00D858BF /* Release */ = {
			isa = XCBuildConfiguration;
			buildSettings = {
				ALWAYS_SEARCH_USER_PATHS = NO;
				CLANG_ANALYZER_NONNULL = YES;
				CLANG_ANALYZER_NUMBER_OBJECT_CONVERSION = YES_AGGRESSIVE;
				CLANG_CXX_LANGUAGE_STANDARD = "gnu++14";
				CLANG_CXX_LIBRARY = "libc++";
				CLANG_ENABLE_MODULES = YES;
				CLANG_ENABLE_OBJC_ARC = YES;
				CLANG_ENABLE_OBJC_WEAK = YES;
				CLANG_WARN_BLOCK_CAPTURE_AUTORELEASING = YES;
				CLANG_WARN_BOOL_CONVERSION = YES;
				CLANG_WARN_COMMA = YES;
				CLANG_WARN_CONSTANT_CONVERSION = YES;
				CLANG_WARN_DEPRECATED_OBJC_IMPLEMENTATIONS = YES;
				CLANG_WARN_DIRECT_OBJC_ISA_USAGE = YES_ERROR;
				CLANG_WARN_DOCUMENTATION_COMMENTS = YES;
				CLANG_WARN_EMPTY_BODY = YES;
				CLANG_WARN_ENUM_CONVERSION = YES;
				CLANG_WARN_INFINITE_RECURSION = YES;
				CLANG_WARN_INT_CONVERSION = YES;
				CLANG_WARN_NON_LITERAL_NULL_CONVERSION = YES;
				CLANG_WARN_OBJC_IMPLICIT_RETAIN_SELF = YES;
				CLANG_WARN_OBJC_LITERAL_CONVERSION = YES;
				CLANG_WARN_OBJC_ROOT_CLASS = YES_ERROR;
				CLANG_WARN_RANGE_LOOP_ANALYSIS = YES;
				CLANG_WARN_STRICT_PROTOTYPES = YES;
				CLANG_WARN_SUSPICIOUS_MOVE = YES;
				CLANG_WARN_UNGUARDED_AVAILABILITY = YES_AGGRESSIVE;
				CLANG_WARN_UNREACHABLE_CODE = YES;
				CLANG_WARN__DUPLICATE_METHOD_MATCH = YES;
				COPY_PHASE_STRIP = NO;
				DEBUG_INFORMATION_FORMAT = "dwarf-with-dsym";
				ENABLE_NS_ASSERTIONS = NO;
				ENABLE_STRICT_OBJC_MSGSEND = YES;
				GCC_C_LANGUAGE_STANDARD = gnu11;
				GCC_NO_COMMON_BLOCKS = YES;
				GCC_WARN_64_TO_32_BIT_CONVERSION = YES;
				GCC_WARN_ABOUT_RETURN_TYPE = YES_ERROR;
				GCC_WARN_UNDECLARED_SELECTOR = YES;
				GCC_WARN_UNINITIALIZED_AUTOS = YES_AGGRESSIVE;
				GCC_WARN_UNUSED_FUNCTION = YES;
				GCC_WARN_UNUSED_VARIABLE = YES;
				IPHONEOS_DEPLOYMENT_TARGET = 13.6;
				MTL_ENABLE_DEBUG_INFO = NO;
				MTL_FAST_MATH = YES;
				SDKROOT = iphoneos;
				SWIFT_COMPILATION_MODE = wholemodule;
				SWIFT_OPTIMIZATION_LEVEL = "-O";
				VALIDATE_PRODUCT = YES;
			};
			name = Release;
		};
		38A2F9C924F988CC00D858BF /* Debug */ = {
			isa = XCBuildConfiguration;
			buildSettings = {
				ASSETCATALOG_COMPILER_APPICON_NAME = AppIcon;
				CODE_SIGN_STYLE = Automatic;
				INFOPLIST_FILE = SetGame/Info.plist;
				LD_RUNPATH_SEARCH_PATHS = (
					"$(inherited)",
					"@executable_path/Frameworks",
				);
				PRODUCT_BUNDLE_IDENTIFIER = com.maximus.SetGame;
				PRODUCT_NAME = "$(TARGET_NAME)";
				SWIFT_VERSION = 5.0;
				TARGETED_DEVICE_FAMILY = "1,2";
			};
			name = Debug;
		};
		38A2F9CA24F988CC00D858BF /* Release */ = {
			isa = XCBuildConfiguration;
			buildSettings = {
				ASSETCATALOG_COMPILER_APPICON_NAME = AppIcon;
				CODE_SIGN_STYLE = Automatic;
				INFOPLIST_FILE = SetGame/Info.plist;
				LD_RUNPATH_SEARCH_PATHS = (
					"$(inherited)",
					"@executable_path/Frameworks",
				);
				PRODUCT_BUNDLE_IDENTIFIER = com.maximus.SetGame;
				PRODUCT_NAME = "$(TARGET_NAME)";
				SWIFT_VERSION = 5.0;
				TARGETED_DEVICE_FAMILY = "1,2";
			};
			name = Release;
		};
/* End XCBuildConfiguration section */

/* Begin XCConfigurationList section */
		38A2F9AF24F988CA00D858BF /* Build configuration list for PBXProject "SetGame" */ = {
			isa = XCConfigurationList;
			buildConfigurations = (
				38A2F9C624F988CC00D858BF /* Debug */,
				38A2F9C724F988CC00D858BF /* Release */,
			);
			defaultConfigurationIsVisible = 0;
			defaultConfigurationName = Release;
		};
		38A2F9C824F988CC00D858BF /* Build configuration list for PBXNativeTarget "SetGame" */ = {
			isa = XCConfigurationList;
			buildConfigurations = (
				38A2F9C924F988CC00D858BF /* Debug */,
				38A2F9CA24F988CC00D858BF /* Release */,
			);
			defaultConfigurationIsVisible = 0;
			defaultConfigurationName = Release;
		};
/* End XCConfigurationList section */
	};
	rootObject = 38A2F9AC24F988CA00D858BF /* Project object */;
}
